<?xml version="1.0" encoding="UTF-8"?>
<CodeBlocks_project_file>
	<FileVersion major="1" minor="6"/>
	<Project>
		<Option title="McElieceCrypto"/>
		<Option makefile_is_custom="1"/>
		<Option compiler="gcc"/>
		<Option virtualFolders="CMake Files\;"/>
		<Build>
			<Target title="all">
				<Option working_dir="/home/arpoyda/Documents/mceliece"/>
				<Option type="4"/>
				<MakeCommands>
					<Build command="/usr/bin/make -f &quot;/home/arpoyda/Documents/mceliece/Makefile&quot;  VERBOSE=1 all"/>
					<CompileFile command="/usr/bin/make -f &quot;/home/arpoyda/Documents/mceliece/Makefile&quot;  VERBOSE=1 &quot;$file&quot;"/>
					<Clean command="/usr/bin/make -f &quot;/home/arpoyda/Documents/mceliece/Makefile&quot;  VERBOSE=1 clean"/>
					<DistClean command="/usr/bin/make -f &quot;/home/arpoyda/Documents/mceliece/Makefile&quot;  VERBOSE=1 clean"/>
				</MakeCommands>
			</Target>
			<Target title="rebuild_cache">
				<Option working_dir="/home/arpoyda/Documents/mceliece"/>
				<Option type="4"/>
				<MakeCommands>
					<Build command="/usr/bin/make -f &quot;/home/arpoyda/Documents/mceliece/Makefile&quot;  VERBOSE=1 rebuild_cache"/>
					<CompileFile command="/usr/bin/make -f &quot;/home/arpoyda/Documents/mceliece/Makefile&quot;  VERBOSE=1 &quot;$file&quot;"/>
					<Clean command="/usr/bin/make -f &quot;/home/arpoyda/Documents/mceliece/Makefile&quot;  VERBOSE=1 clean"/>
					<DistClean command="/usr/bin/make -f &quot;/home/arpoyda/Documents/mceliece/Makefile&quot;  VERBOSE=1 clean"/>
				</MakeCommands>
			</Target>
			<Target title="edit_cache">
				<Option working_dir="/home/arpoyda/Documents/mceliece"/>
				<Option type="4"/>
				<MakeCommands>
					<Build command="/usr/bin/make -f &quot;/home/arpoyda/Documents/mceliece/Makefile&quot;  VERBOSE=1 edit_cache"/>
					<CompileFile command="/usr/bin/make -f &quot;/home/arpoyda/Documents/mceliece/Makefile&quot;  VERBOSE=1 &quot;$file&quot;"/>
					<Clean command="/usr/bin/make -f &quot;/home/arpoyda/Documents/mceliece/Makefile&quot;  VERBOSE=1 clean"/>
					<DistClean command="/usr/bin/make -f &quot;/home/arpoyda/Documents/mceliece/Makefile&quot;  VERBOSE=1 clean"/>
				</MakeCommands>
			</Target>
			<Target title="McElieceCrypto">
				<Option output="/home/arpoyda/Documents/mceliece/McElieceCrypto" prefix_auto="0" extension_auto="0"/>
				<Option working_dir="/home/arpoyda/Documents/mceliece"/>
				<Option object_output="./"/>
				<Option type="1"/>
				<Option compiler="gcc"/>
				<Compiler/>
				<MakeCommands>
					<Build command="/usr/bin/make -f &quot;/home/arpoyda/Documents/mceliece/Makefile&quot;  VERBOSE=1 McElieceCrypto"/>
					<CompileFile command="/usr/bin/make -f &quot;/home/arpoyda/Documents/mceliece/Makefile&quot;  VERBOSE=1 &quot;$file&quot;"/>
					<Clean command="/usr/bin/make -f &quot;/home/arpoyda/Documents/mceliece/Makefile&quot;  VERBOSE=1 clean"/>
					<DistClean command="/usr/bin/make -f &quot;/home/arpoyda/Documents/mceliece/Makefile&quot;  VERBOSE=1 clean"/>
				</MakeCommands>
			</Target>
			<Target title="McElieceCrypto/fast">
				<Option output="/home/arpoyda/Documents/mceliece/McElieceCrypto" prefix_auto="0" extension_auto="0"/>
				<Option working_dir="/home/arpoyda/Documents/mceliece"/>
				<Option object_output="./"/>
				<Option type="1"/>
				<Option compiler="gcc"/>
				<Compiler/>
				<MakeCommands>
					<Build command="/usr/bin/make -f &quot;/home/arpoyda/Documents/mceliece/Makefile&quot;  VERBOSE=1 McElieceCrypto/fast"/>
					<CompileFile command="/usr/bin/make -f &quot;/home/arpoyda/Documents/mceliece/Makefile&quot;  VERBOSE=1 &quot;$file&quot;"/>
					<Clean command="/usr/bin/make -f &quot;/home/arpoyda/Documents/mceliece/Makefile&quot;  VERBOSE=1 clean"/>
					<DistClean command="/usr/bin/make -f &quot;/home/arpoyda/Documents/mceliece/Makefile&quot;  VERBOSE=1 clean"/>
				</MakeCommands>
			</Target>
			<Target title="McElieceCryptoLib">
				<Option output="/home/arpoyda/Documents/mceliece/libMcElieceCryptoLib.so" prefix_auto="0" extension_auto="0"/>
				<Option working_dir="/home/arpoyda/Documents/mceliece"/>
				<Option object_output="./"/>
				<Option type="3"/>
				<Option compiler="gcc"/>
				<Compiler/>
				<MakeCommands>
					<Build command="/usr/bin/make -f &quot;/home/arpoyda/Documents/mceliece/Makefile&quot;  VERBOSE=1 McElieceCryptoLib"/>
					<CompileFile command="/usr/bin/make -f &quot;/home/arpoyda/Documents/mceliece/Makefile&quot;  VERBOSE=1 &quot;$file&quot;"/>
					<Clean command="/usr/bin/make -f &quot;/home/arpoyda/Documents/mceliece/Makefile&quot;  VERBOSE=1 clean"/>
					<DistClean command="/usr/bin/make -f &quot;/home/arpoyda/Documents/mceliece/Makefile&quot;  VERBOSE=1 clean"/>
				</MakeCommands>
			</Target>
			<Target title="McElieceCryptoLib/fast">
				<Option output="/home/arpoyda/Documents/mceliece/libMcElieceCryptoLib.so" prefix_auto="0" extension_auto="0"/>
				<Option working_dir="/home/arpoyda/Documents/mceliece"/>
				<Option object_output="./"/>
				<Option type="3"/>
				<Option compiler="gcc"/>
				<Compiler/>
				<MakeCommands>
					<Build command="/usr/bin/make -f &quot;/home/arpoyda/Documents/mceliece/Makefile&quot;  VERBOSE=1 McElieceCryptoLib/fast"/>
					<CompileFile command="/usr/bin/make -f &quot;/home/arpoyda/Documents/mceliece/Makefile&quot;  VERBOSE=1 &quot;$file&quot;"/>
					<Clean command="/usr/bin/make -f &quot;/home/arpoyda/Documents/mceliece/Makefile&quot;  VERBOSE=1 clean"/>
					<DistClean command="/usr/bin/make -f &quot;/home/arpoyda/Documents/mceliece/Makefile&quot;  VERBOSE=1 clean"/>
				</MakeCommands>
			</Target>
		</Build>
		<Unit filename="/home/arpoyda/Documents/mceliece/GaloisField.cpp">
			<Option target="McElieceCryptoLib"/>
		</Unit>
		<Unit filename="/home/arpoyda/Documents/mceliece/GaloisField.h">
			<Option target="McElieceCryptoLib"/>
		</Unit>
		<Unit filename="/home/arpoyda/Documents/mceliece/McEliceCryptoC.h">
			<Option target="McElieceCryptoLib"/>
		</Unit>
		<Unit filename="/home/arpoyda/Documents/mceliece/main.cpp">
			<Option target="McElieceCrypto"/>
		</Unit>
		<Unit filename="/home/arpoyda/Documents/mceliece/CMakeLists.txt">
			<Option virtualFolder="CMake Files\"/>
		</Unit>
	</Project>
</CodeBlocks_project_file>
